
Microsoft Visual Studio Solution File, Format Version 12.00
# Visual Studio 2013
VisualStudioVersion = 12.0.31101.0
MinimumVisualStudioVersion = 10.0.40219.1
Project("{FAE04EC0-301F-11D3-BF4B-00C04F79EFBC}") = "01.PointsIn3D", "01.Point3D\01.PointsIn3D.csproj", "{2E771DA5-ADA1-4455-AF9E-3C7AEDC5CB5B}"
EndProject
Project("{FAE04EC0-301F-11D3-BF4B-00C04F79EFBC}") = "04.Namespaces", "04.Namespaces\04.Namespaces.csproj", "{65FB085E-C358-48FF-9EAF-D8900BDF5E9B}"
EndProject
Project("{FAE04EC0-301F-11D3-BF4B-00C04F79EFBC}") = "05.HTMLDispatcher", "05.HTMLDispatcher\05.HTMLDispatcher.csproj", "{B87E1E6B-13D5-49DD-B226-AA2A8267CFE9}"
EndProject
Global
	GlobalSection(SolutionConfigurationPlatforms) = preSolution
		Debug|Any CPU = Debug|Any CPU
		Release|Any CPU = Release|Any CPU
	EndGlobalSection
	GlobalSection(ProjectConfigurationPlatforms) = postSolution
		{2E771DA5-ADA1-4455-AF9E-3C7AEDC5CB5B}.Debug|Any CPU.ActiveCfg = Debug|Any CPU
		{2E771DA5-ADA1-4455-AF9E-3C7AEDC5CB5B}.Debug|Any CPU.Build.0 = Debug|Any CPU
		{2E771DA5-ADA1-4455-AF9E-3C7AEDC5CB5B}.Release|Any CPU.ActiveCfg = Release|Any CPU
		{2E771DA5-ADA1-4455-AF9E-3C7AEDC5CB5B}.Release|Any CPU.Build.0 = Release|Any CPU
		{65FB085E-C358-48FF-9EAF-D8900BDF5E9B}.Debug|Any CPU.ActiveCfg = Debug|Any CPU
		{65FB085E-C358-48FF-9EAF-D8900BDF5E9B}.Debug|Any CPU.Build.0 = Debug|Any CPU
		{65FB085E-C358-48FF-9EAF-D8900BDF5E9B}.Release|Any CPU.ActiveCfg = Release|Any CPU
		{65FB085E-C358-48FF-9EAF-D8900BDF5E9B}.Release|Any CPU.Build.0 = Release|Any CPU
		{B87E1E6B-13D5-49DD-B226-AA2A8267CFE9}.Debug|Any CPU.ActiveCfg = Debug|Any CPU
		{B87E1E6B-13D5-49DD-B226-AA2A8267CFE9}.Debug|Any CPU.Build.0 = Debug|Any CPU
		{B87E1E6B-13D5-49DD-B226-AA2A8267CFE9}.Release|Any CPU.ActiveCfg = Release|Any CPU
		{B87E1E6B-13D5-49DD-B226-AA2A8267CFE9}.Release|Any CPU.Build.0 = Release|Any CPU
	EndGlobalSection
	GlobalSection(SolutionProperties) = preSolution
		HideSolutionNode = FALSE
	EndGlobalSection
EndGlobal
